
Microsoft Visual Studio Solution File, Format Version 12.00
# Visual Studio 15
VisualStudioVersion = 15.0.26730.12
MinimumVisualStudioVersion = 10.0.40219.1
Project("{8BC9CEB8-8B4A-11D0-8D11-00A0C91BC942}") = "Doubly_LinkedLists_Basics", "Doubly_LinkedLists_Basics\Doubly_LinkedLists_Basics.vcxproj", "{150BD623-A4A5-4E14-A36E-3F63314F6827}"
EndProject
Global
	GlobalSection(SolutionConfigurationPlatforms) = preSolution
		Debug|x64 = Debug|x64
		Debug|x86 = Debug|x86
		Release|x64 = Release|x64
		Release|x86 = Release|x86
	EndGlobalSection
	GlobalSection(ProjectConfigurationPlatforms) = postSolution
		{150BD623-A4A5-4E14-A36E-3F63314F6827}.Debug|x64.ActiveCfg = Debug|x64
		{150BD623-A4A5-4E14-A36E-3F63314F6827}.Debug|x64.Build.0 = Debug|x64
		{150BD623-A4A5-4E14-A36E-3F63314F6827}.Debug|x86.ActiveCfg = Debug|Win32
		{150BD623-A4A5-4E14-A36E-3F63314F6827}.Debug|x86.Build.0 = Debug|Win32
		{150BD623-A4A5-4E14-A36E-3F63314F6827}.Release|x64.ActiveCfg = Release|x64
		{150BD623-A4A5-4E14-A36E-3F63314F6827}.Release|x64.Build.0 = Release|x64
		{150BD623-A4A5-4E14-A36E-3F63314F6827}.Release|x86.ActiveCfg = Release|Win32
		{150BD623-A4A5-4E14-A36E-3F63314F6827}.Release|x86.Build.0 = Release|Win32
	EndGlobalSection
	GlobalSection(SolutionProperties) = preSolution
		HideSolutionNode = FALSE
	EndGlobalSection
	GlobalSection(ExtensibilityGlobals) = postSolution
		SolutionGuid = {ED6D30E7-5AA8-4D1A-B50C-F1D64E424743}
	EndGlobalSection
EndGlobal
